
Microsoft Visual Studio Solution File, Format Version 12.00
# Visual Studio Version 17
VisualStudioVersion = 17.0.31903.59
MinimumVisualStudioVersion = 10.0.40219.1
Project("{FAE04EC0-301F-11D3-BF4B-00C04F79EFBC}") = "Task1", "Task1\Task1.csproj", "{B41ECB58-59A4-4E29-B39F-C207984EB325}"
EndProject
Project("{FAE04EC0-301F-11D3-BF4B-00C04F79EFBC}") = "Task2", "Task2\Task2.csproj", "{92607A9D-9A91-4A0B-B7B0-5F742F4660F8}"
EndProject
Global
	GlobalSection(SolutionConfigurationPlatforms) = preSolution
		Debug|Any CPU = Debug|Any CPU
		Release|Any CPU = Release|Any CPU
	EndGlobalSection
	GlobalSection(SolutionProperties) = preSolution
		HideSolutionNode = FALSE
	EndGlobalSection
	GlobalSection(ProjectConfigurationPlatforms) = postSolution
		{B41ECB58-59A4-4E29-B39F-C207984EB325}.Debug|Any CPU.ActiveCfg = Debug|Any CPU
		{B41ECB58-59A4-4E29-B39F-C207984EB325}.Debug|Any CPU.Build.0 = Debug|Any CPU
		{B41ECB58-59A4-4E29-B39F-C207984EB325}.Release|Any CPU.ActiveCfg = Release|Any CPU
		{B41ECB58-59A4-4E29-B39F-C207984EB325}.Release|Any CPU.Build.0 = Release|Any CPU
		{92607A9D-9A91-4A0B-B7B0-5F742F4660F8}.Debug|Any CPU.ActiveCfg = Debug|Any CPU
		{92607A9D-9A91-4A0B-B7B0-5F742F4660F8}.Debug|Any CPU.Build.0 = Debug|Any CPU
		{92607A9D-9A91-4A0B-B7B0-5F742F4660F8}.Release|Any CPU.ActiveCfg = Release|Any CPU
		{92607A9D-9A91-4A0B-B7B0-5F742F4660F8}.Release|Any CPU.Build.0 = Release|Any CPU
	EndGlobalSection
EndGlobal
