
Microsoft Visual Studio Solution File, Format Version 12.00
# Visual Studio Version 17
VisualStudioVersion = 17.2.32630.192
MinimumVisualStudioVersion = 10.0.40219.1
Project("{FAE04EC0-301F-11D3-BF4B-00C04F79EFBC}") = "Task1", "Project1\Task1.csproj", "{C4EB7C0E-C0A6-4645-AC23-034532EEBA7E}"
EndProject
Global
	GlobalSection(SolutionConfigurationPlatforms) = preSolution
		Debug|Any CPU = Debug|Any CPU
		Release|Any CPU = Release|Any CPU
	EndGlobalSection
	GlobalSection(ProjectConfigurationPlatforms) = postSolution
		{C4EB7C0E-C0A6-4645-AC23-034532EEBA7E}.Debug|Any CPU.ActiveCfg = Debug|Any CPU
		{C4EB7C0E-C0A6-4645-AC23-034532EEBA7E}.Debug|Any CPU.Build.0 = Debug|Any CPU
		{C4EB7C0E-C0A6-4645-AC23-034532EEBA7E}.Release|Any CPU.ActiveCfg = Release|Any CPU
		{C4EB7C0E-C0A6-4645-AC23-034532EEBA7E}.Release|Any CPU.Build.0 = Release|Any CPU
	EndGlobalSection
	GlobalSection(SolutionProperties) = preSolution
		HideSolutionNode = FALSE
	EndGlobalSection
	GlobalSection(ExtensibilityGlobals) = postSolution
		SolutionGuid = {BE961230-9A3C-4DBA-8590-681F56E50821}
	EndGlobalSection
EndGlobal
