
Microsoft Visual Studio Solution File, Format Version 12.00
# Visual Studio Version 17
VisualStudioVersion = 17.0.31903.59
MinimumVisualStudioVersion = 10.0.40219.1
Project("{FAE04EC0-301F-11D3-BF4B-00C04F79EFBC}") = "Task1", "Task1\Task1.csproj", "{65BC662F-3AB6-4851-9AD1-0B69E923861F}"
EndProject
Project("{FAE04EC0-301F-11D3-BF4B-00C04F79EFBC}") = "Task2", "Task2\Task2.csproj", "{1DB8245F-4510-4866-99C2-F52D6FD85AD8}"
EndProject
Global
	GlobalSection(SolutionConfigurationPlatforms) = preSolution
		Debug|Any CPU = Debug|Any CPU
		Release|Any CPU = Release|Any CPU
	EndGlobalSection
	GlobalSection(SolutionProperties) = preSolution
		HideSolutionNode = FALSE
	EndGlobalSection
	GlobalSection(ProjectConfigurationPlatforms) = postSolution
		{65BC662F-3AB6-4851-9AD1-0B69E923861F}.Debug|Any CPU.ActiveCfg = Debug|Any CPU
		{65BC662F-3AB6-4851-9AD1-0B69E923861F}.Debug|Any CPU.Build.0 = Debug|Any CPU
		{65BC662F-3AB6-4851-9AD1-0B69E923861F}.Release|Any CPU.ActiveCfg = Release|Any CPU
		{65BC662F-3AB6-4851-9AD1-0B69E923861F}.Release|Any CPU.Build.0 = Release|Any CPU
		{1DB8245F-4510-4866-99C2-F52D6FD85AD8}.Debug|Any CPU.ActiveCfg = Debug|Any CPU
		{1DB8245F-4510-4866-99C2-F52D6FD85AD8}.Debug|Any CPU.Build.0 = Debug|Any CPU
		{1DB8245F-4510-4866-99C2-F52D6FD85AD8}.Release|Any CPU.ActiveCfg = Release|Any CPU
		{1DB8245F-4510-4866-99C2-F52D6FD85AD8}.Release|Any CPU.Build.0 = Release|Any CPU
	EndGlobalSection
EndGlobal
